
Microsoft Visual Studio Solution File, Format Version 12.00
# Visual Studio Version 16
VisualStudioVersion = 16.0.29503.13
MinimumVisualStudioVersion = 10.0.40219.1
Project("{FAE04EC0-301F-11D3-BF4B-00C04F79EFBC}") = "Day7", "Day7.csproj", "{2B399FE0-9E02-4FD5-875D-D27AF7E6C78E}"
EndProject
Global
	GlobalSection(SolutionConfigurationPlatforms) = preSolution
		Debug|Any CPU = Debug|Any CPU
		Release|Any CPU = Release|Any CPU
	EndGlobalSection
	GlobalSection(ProjectConfigurationPlatforms) = postSolution
		{2B399FE0-9E02-4FD5-875D-D27AF7E6C78E}.Debug|Any CPU.ActiveCfg = Debug|Any CPU
		{2B399FE0-9E02-4FD5-875D-D27AF7E6C78E}.Debug|Any CPU.Build.0 = Debug|Any CPU
		{2B399FE0-9E02-4FD5-875D-D27AF7E6C78E}.Release|Any CPU.ActiveCfg = Release|Any CPU
		{2B399FE0-9E02-4FD5-875D-D27AF7E6C78E}.Release|Any CPU.Build.0 = Release|Any CPU
	EndGlobalSection
	GlobalSection(SolutionProperties) = preSolution
		HideSolutionNode = FALSE
	EndGlobalSection
	GlobalSection(ExtensibilityGlobals) = postSolution
		SolutionGuid = {D1521B8E-E8B0-48FF-947A-7B535DBDF030}
	EndGlobalSection
EndGlobal
