
Microsoft Visual Studio Solution File, Format Version 12.00
# Visual Studio Version 16
VisualStudioVersion = 16.0.29424.173
MinimumVisualStudioVersion = 10.0.40219.1
Project("{FAE04EC0-301F-11D3-BF4B-00C04F79EFBC}") = "Day2", "Day2.csproj", "{0999B4C4-29D1-4448-96F1-E274DAF54A7F}"
EndProject
Global
	GlobalSection(SolutionConfigurationPlatforms) = preSolution
		Debug|Any CPU = Debug|Any CPU
		Release|Any CPU = Release|Any CPU
	EndGlobalSection
	GlobalSection(ProjectConfigurationPlatforms) = postSolution
		{0999B4C4-29D1-4448-96F1-E274DAF54A7F}.Debug|Any CPU.ActiveCfg = Debug|Any CPU
		{0999B4C4-29D1-4448-96F1-E274DAF54A7F}.Debug|Any CPU.Build.0 = Debug|Any CPU
		{0999B4C4-29D1-4448-96F1-E274DAF54A7F}.Release|Any CPU.ActiveCfg = Release|Any CPU
		{0999B4C4-29D1-4448-96F1-E274DAF54A7F}.Release|Any CPU.Build.0 = Release|Any CPU
	EndGlobalSection
	GlobalSection(SolutionProperties) = preSolution
		HideSolutionNode = FALSE
	EndGlobalSection
	GlobalSection(ExtensibilityGlobals) = postSolution
		SolutionGuid = {EF3319D4-CC89-4630-ACDF-80071FD5E75E}
	EndGlobalSection
EndGlobal
